// !$*UTF8*$!
{
	archiveVersion = 1;
	classes = {
	};
	objectVersion = 50;
	objects = {

/* Begin PBXBuildFile section */
		A6B8002623F2E6D1006613A1 /* AppDelegate.swift in Sources */ = {isa = PBXBuildFile; fileRef = A6B8002523F2E6D1006613A1 /* AppDelegate.swift */; };
		A6B8002823F2E6D1006613A1 /* SceneDelegate.swift in Sources */ = {isa = PBXBuildFile; fileRef = A6B8002723F2E6D1006613A1 /* SceneDelegate.swift */; };
		A6B8002B23F2E6D1006613A1 /* TP1.xcdatamodeld in Sources */ = {isa = PBXBuildFile; fileRef = A6B8002923F2E6D1006613A1 /* TP1.xcdatamodeld */; };
		A6B8002D23F2E6D1006613A1 /* ContentView.swift in Sources */ = {isa = PBXBuildFile; fileRef = A6B8002C23F2E6D1006613A1 /* ContentView.swift */; };
		A6B8002F23F2E6D4006613A1 /* Assets.xcassets in Resources */ = {isa = PBXBuildFile; fileRef = A6B8002E23F2E6D4006613A1 /* Assets.xcassets */; };
		A6B8003223F2E6D4006613A1 /* Preview Assets.xcassets in Resources */ = {isa = PBXBuildFile; fileRef = A6B8003123F2E6D4006613A1 /* Preview Assets.xcassets */; };
		A6B8003523F2E6D4006613A1 /* LaunchScreen.storyboard in Resources */ = {isa = PBXBuildFile; fileRef = A6B8003323F2E6D4006613A1 /* LaunchScreen.storyboard */; };
		A6B8004023F2E6D4006613A1 /* TP1Tests.swift in Sources */ = {isa = PBXBuildFile; fileRef = A6B8003F23F2E6D4006613A1 /* TP1Tests.swift */; };
		A6B8004B23F2E6D4006613A1 /* TP1UITests.swift in Sources */ = {isa = PBXBuildFile; fileRef = A6B8004A23F2E6D4006613A1 /* TP1UITests.swift */; };
		A6B8005923F2E714006613A1 /* Person.swift in Sources */ = {isa = PBXBuildFile; fileRef = A6B8005823F2E714006613A1 /* Person.swift */; };
		A6B8005B23F2EF34006613A1 /* PersonRow.swift in Sources */ = {isa = PBXBuildFile; fileRef = A6B8005A23F2EF34006613A1 /* PersonRow.swift */; };
		A6B8005F23F2F4E8006613A1 /* PersonDetail.swift in Sources */ = {isa = PBXBuildFile; fileRef = A6B8005E23F2F4E8006613A1 /* PersonDetail.swift */; };
		A6B8006123F300E9006613A1 /* PersonForm.swift in Sources */ = {isa = PBXBuildFile; fileRef = A6B8006023F300E9006613A1 /* PersonForm.swift */; };
/* End PBXBuildFile section */

/* Begin PBXContainerItemProxy section */
		A6B8003C23F2E6D4006613A1 /* PBXContainerItemProxy */ = {
			isa = PBXContainerItemProxy;
			containerPortal = A6B8001A23F2E6D1006613A1 /* Project object */;
			proxyType = 1;
			remoteGlobalIDString = A6B8002123F2E6D1006613A1;
			remoteInfo = TP1;
		};
		A6B8004723F2E6D4006613A1 /* PBXContainerItemProxy */ = {
			isa = PBXContainerItemProxy;
			containerPortal = A6B8001A23F2E6D1006613A1 /* Project object */;
			proxyType = 1;
			remoteGlobalIDString = A6B8002123F2E6D1006613A1;
			remoteInfo = TP1;
		};
/* End PBXContainerItemProxy section */

/* Begin PBXFileReference section */
		A6B8002223F2E6D1006613A1 /* TP1.app */ = {isa = PBXFileReference; explicitFileType = wrapper.application; includeInIndex = 0; path = TP1.app; sourceTree = BUILT_PRODUCTS_DIR; };
		A6B8002523F2E6D1006613A1 /* AppDelegate.swift */ = {isa = PBXFileReference; lastKnownFileType = sourcecode.swift; path = AppDelegate.swift; sourceTree = "<group>"; };
		A6B8002723F2E6D1006613A1 /* SceneDelegate.swift */ = {isa = PBXFileReference; lastKnownFileType = sourcecode.swift; path = SceneDelegate.swift; sourceTree = "<group>"; };
		A6B8002A23F2E6D1006613A1 /* TP1.xcdatamodel */ = {isa = PBXFileReference; lastKnownFileType = wrapper.xcdatamodel; path = TP1.xcdatamodel; sourceTree = "<group>"; };
		A6B8002C23F2E6D1006613A1 /* ContentView.swift */ = {isa = PBXFileReference; lastKnownFileType = sourcecode.swift; path = ContentView.swift; sourceTree = "<group>"; };
		A6B8002E23F2E6D4006613A1 /* Assets.xcassets */ = {isa = PBXFileReference; lastKnownFileType = folder.assetcatalog; path = Assets.xcassets; sourceTree = "<group>"; };
		A6B8003123F2E6D4006613A1 /* Preview Assets.xcassets */ = {isa = PBXFileReference; lastKnownFileType = folder.assetcatalog; path = "Preview Assets.xcassets"; sourceTree = "<group>"; };
		A6B8003423F2E6D4006613A1 /* Base */ = {isa = PBXFileReference; lastKnownFileType = file.storyboard; name = Base; path = Base.lproj/LaunchScreen.storyboard; sourceTree = "<group>"; };
		A6B8003623F2E6D4006613A1 /* Info.plist */ = {isa = PBXFileReference; lastKnownFileType = text.plist.xml; path = Info.plist; sourceTree = "<group>"; };
		A6B8003B23F2E6D4006613A1 /* TP1Tests.xctest */ = {isa = PBXFileReference; explicitFileType = wrapper.cfbundle; includeInIndex = 0; path = TP1Tests.xctest; sourceTree = BUILT_PRODUCTS_DIR; };
		A6B8003F23F2E6D4006613A1 /* TP1Tests.swift */ = {isa = PBXFileReference; lastKnownFileType = sourcecode.swift; path = TP1Tests.swift; sourceTree = "<group>"; };
		A6B8004123F2E6D4006613A1 /* Info.plist */ = {isa = PBXFileReference; lastKnownFileType = text.plist.xml; path = Info.plist; sourceTree = "<group>"; };
		A6B8004623F2E6D4006613A1 /* TP1UITests.xctest */ = {isa = PBXFileReference; explicitFileType = wrapper.cfbundle; includeInIndex = 0; path = TP1UITests.xctest; sourceTree = BUILT_PRODUCTS_DIR; };
		A6B8004A23F2E6D4006613A1 /* TP1UITests.swift */ = {isa = PBXFileReference; lastKnownFileType = sourcecode.swift; path = TP1UITests.swift; sourceTree = "<group>"; };
		A6B8004C23F2E6D4006613A1 /* Info.plist */ = {isa = PBXFileReference; lastKnownFileType = text.plist.xml; path = Info.plist; sourceTree = "<group>"; };
		A6B8005823F2E714006613A1 /* Person.swift */ = {isa = PBXFileReference; lastKnownFileType = sourcecode.swift; path = Person.swift; sourceTree = "<group>"; };
		A6B8005A23F2EF34006613A1 /* PersonRow.swift */ = {isa = PBXFileReference; lastKnownFileType = sourcecode.swift; path = PersonRow.swift; sourceTree = "<group>"; };
		A6B8005E23F2F4E8006613A1 /* PersonDetail.swift */ = {isa = PBXFileReference; lastKnownFileType = sourcecode.swift; path = PersonDetail.swift; sourceTree = "<group>"; };
		A6B8006023F300E9006613A1 /* PersonForm.swift */ = {isa = PBXFileReference; lastKnownFileType = sourcecode.swift; path = PersonForm.swift; sourceTree = "<group>"; };
/* End PBXFileReference section */

/* Begin PBXFrameworksBuildPhase section */
		A6B8001F23F2E6D1006613A1 /* Frameworks */ = {
			isa = PBXFrameworksBuildPhase;
			buildActionMask = 2147483647;
			files = (
			);
			runOnlyForDeploymentPostprocessing = 0;
		};
		A6B8003823F2E6D4006613A1 /* Frameworks */ = {
			isa = PBXFrameworksBuildPhase;
			buildActionMask = 2147483647;
			files = (
			);
			runOnlyForDeploymentPostprocessing = 0;
		};
		A6B8004323F2E6D4006613A1 /* Frameworks */ = {
			isa = PBXFrameworksBuildPhase;
			buildActionMask = 2147483647;
			files = (
			);
			runOnlyForDeploymentPostprocessing = 0;
		};
/* End PBXFrameworksBuildPhase section */

/* Begin PBXGroup section */
		A6B8001923F2E6D1006613A1 = {
			isa = PBXGroup;
			children = (
				A6B8002423F2E6D1006613A1 /* TP1 */,
				A6B8003E23F2E6D4006613A1 /* TP1Tests */,
				A6B8004923F2E6D4006613A1 /* TP1UITests */,
				A6B8002323F2E6D1006613A1 /* Products */,
			);
			sourceTree = "<group>";
		};
		A6B8002323F2E6D1006613A1 /* Products */ = {
			isa = PBXGroup;
			children = (
				A6B8002223F2E6D1006613A1 /* TP1.app */,
				A6B8003B23F2E6D4006613A1 /* TP1Tests.xctest */,
				A6B8004623F2E6D4006613A1 /* TP1UITests.xctest */,
			);
			name = Products;
			sourceTree = "<group>";
		};
		A6B8002423F2E6D1006613A1 /* TP1 */ = {
			isa = PBXGroup;
			children = (
				A6B8002523F2E6D1006613A1 /* AppDelegate.swift */,
				A6B8002723F2E6D1006613A1 /* SceneDelegate.swift */,
				A6B8002C23F2E6D1006613A1 /* ContentView.swift */,
				A6B8005A23F2EF34006613A1 /* PersonRow.swift */,
				A6B8005E23F2F4E8006613A1 /* PersonDetail.swift */,
				A6B8006023F300E9006613A1 /* PersonForm.swift */,
				A6B8005823F2E714006613A1 /* Person.swift */,
				A6B8002E23F2E6D4006613A1 /* Assets.xcassets */,
				A6B8003323F2E6D4006613A1 /* LaunchScreen.storyboard */,
				A6B8003623F2E6D4006613A1 /* Info.plist */,
				A6B8002923F2E6D1006613A1 /* TP1.xcdatamodeld */,
				A6B8003023F2E6D4006613A1 /* Preview Content */,
			);
			path = TP1;
			sourceTree = "<group>";
		};
		A6B8003023F2E6D4006613A1 /* Preview Content */ = {
			isa = PBXGroup;
			children = (
				A6B8003123F2E6D4006613A1 /* Preview Assets.xcassets */,
			);
			path = "Preview Content";
			sourceTree = "<group>";
		};
		A6B8003E23F2E6D4006613A1 /* TP1Tests */ = {
			isa = PBXGroup;
			children = (
				A6B8003F23F2E6D4006613A1 /* TP1Tests.swift */,
				A6B8004123F2E6D4006613A1 /* Info.plist */,
			);
			path = TP1Tests;
			sourceTree = "<group>";
		};
		A6B8004923F2E6D4006613A1 /* TP1UITests */ = {
			isa = PBXGroup;
			children = (
				A6B8004A23F2E6D4006613A1 /* TP1UITests.swift */,
				A6B8004C23F2E6D4006613A1 /* Info.plist */,
			);
			path = TP1UITests;
			sourceTree = "<group>";
		};
/* End PBXGroup section */

/* Begin PBXNativeTarget section */
		A6B8002123F2E6D1006613A1 /* TP1 */ = {
			isa = PBXNativeTarget;
			buildConfigurationList = A6B8004F23F2E6D4006613A1 /* Build configuration list for PBXNativeTarget "TP1" */;
			buildPhases = (
				A6B8001E23F2E6D1006613A1 /* Sources */,
				A6B8001F23F2E6D1006613A1 /* Frameworks */,
				A6B8002023F2E6D1006613A1 /* Resources */,
			);
			buildRules = (
			);
			dependencies = (
			);
			name = TP1;
			productName = TP1;
			productReference = A6B8002223F2E6D1006613A1 /* TP1.app */;
			productType = "com.apple.product-type.application";
		};
		A6B8003A23F2E6D4006613A1 /* TP1Tests */ = {
			isa = PBXNativeTarget;
			buildConfigurationList = A6B8005223F2E6D4006613A1 /* Build configuration list for PBXNativeTarget "TP1Tests" */;
			buildPhases = (
				A6B8003723F2E6D4006613A1 /* Sources */,
				A6B8003823F2E6D4006613A1 /* Frameworks */,
				A6B8003923F2E6D4006613A1 /* Resources */,
			);
			buildRules = (
			);
			dependencies = (
				A6B8003D23F2E6D4006613A1 /* PBXTargetDependency */,
			);
			name = TP1Tests;
			productName = TP1Tests;
			productReference = A6B8003B23F2E6D4006613A1 /* TP1Tests.xctest */;
			productType = "com.apple.product-type.bundle.unit-test";
		};
		A6B8004523F2E6D4006613A1 /* TP1UITests */ = {
			isa = PBXNativeTarget;
			buildConfigurationList = A6B8005523F2E6D4006613A1 /* Build configuration list for PBXNativeTarget "TP1UITests" */;
			buildPhases = (
				A6B8004223F2E6D4006613A1 /* Sources */,
				A6B8004323F2E6D4006613A1 /* Frameworks */,
				A6B8004423F2E6D4006613A1 /* Resources */,
			);
			buildRules = (
			);
			dependencies = (
				A6B8004823F2E6D4006613A1 /* PBXTargetDependency */,
			);
			name = TP1UITests;
			productName = TP1UITests;
			productReference = A6B8004623F2E6D4006613A1 /* TP1UITests.xctest */;
			productType = "com.apple.product-type.bundle.ui-testing";
		};
/* End PBXNativeTarget section */

/* Begin PBXProject section */
		A6B8001A23F2E6D1006613A1 /* Project object */ = {
			isa = PBXProject;
			attributes = {
				LastSwiftUpdateCheck = 1130;
				LastUpgradeCheck = 1130;
				ORGANIZATIONNAME = user164568;
				TargetAttributes = {
					A6B8002123F2E6D1006613A1 = {
						CreatedOnToolsVersion = 11.3.1;
					};
					A6B8003A23F2E6D4006613A1 = {
						CreatedOnToolsVersion = 11.3.1;
						TestTargetID = A6B8002123F2E6D1006613A1;
					};
					A6B8004523F2E6D4006613A1 = {
						CreatedOnToolsVersion = 11.3.1;
						TestTargetID = A6B8002123F2E6D1006613A1;
					};
				};
			};
			buildConfigurationList = A6B8001D23F2E6D1006613A1 /* Build configuration list for PBXProject "TP1" */;
			compatibilityVersion = "Xcode 9.3";
			developmentRegion = en;
			hasScannedForEncodings = 0;
			knownRegions = (
				en,
				Base,
			);
			mainGroup = A6B8001923F2E6D1006613A1;
			productRefGroup = A6B8002323F2E6D1006613A1 /* Products */;
			projectDirPath = "";
			projectRoot = "";
			targets = (
				A6B8002123F2E6D1006613A1 /* TP1 */,
				A6B8003A23F2E6D4006613A1 /* TP1Tests */,
				A6B8004523F2E6D4006613A1 /* TP1UITests */,
			);
		};
/* End PBXProject section */

/* Begin PBXResourcesBuildPhase section */
		A6B8002023F2E6D1006613A1 /* Resources */ = {
			isa = PBXResourcesBuildPhase;
			buildActionMask = 2147483647;
			files = (
				A6B8003523F2E6D4006613A1 /* LaunchScreen.storyboard in Resources */,
				A6B8003223F2E6D4006613A1 /* Preview Assets.xcassets in Resources */,
				A6B8002F23F2E6D4006613A1 /* Assets.xcassets in Resources */,
			);
			runOnlyForDeploymentPostprocessing = 0;
		};
		A6B8003923F2E6D4006613A1 /* Resources */ = {
			isa = PBXResourcesBuildPhase;
			buildActionMask = 2147483647;
			files = (
			);
			runOnlyForDeploymentPostprocessing = 0;
		};
		A6B8004423F2E6D4006613A1 /* Resources */ = {
			isa = PBXResourcesBuildPhase;
			buildActionMask = 2147483647;
			files = (
			);
			runOnlyForDeploymentPostprocessing = 0;
		};
/* End PBXResourcesBuildPhase section */

/* Begin PBXSourcesBuildPhase section */
		A6B8001E23F2E6D1006613A1 /* Sources */ = {
			isa = PBXSourcesBuildPhase;
			buildActionMask = 2147483647;
			files = (
				A6B8005923F2E714006613A1 /* Person.swift in Sources */,
				A6B8005F23F2F4E8006613A1 /* PersonDetail.swift in Sources */,
				A6B8002B23F2E6D1006613A1 /* TP1.xcdatamodeld in Sources */,
				A6B8005B23F2EF34006613A1 /* PersonRow.swift in Sources */,
				A6B8002623F2E6D1006613A1 /* AppDelegate.swift in Sources */,
				A6B8002D23F2E6D1006613A1 /* ContentView.swift in Sources */,
				A6B8006123F300E9006613A1 /* PersonForm.swift in Sources */,
				A6B8002823F2E6D1006613A1 /* SceneDelegate.swift in Sources */,
			);
			runOnlyForDeploymentPostprocessing = 0;
		};
		A6B8003723F2E6D4006613A1 /* Sources */ = {
			isa = PBXSourcesBuildPhase;
			buildActionMask = 2147483647;
			files = (
				A6B8004023F2E6D4006613A1 /* TP1Tests.swift in Sources */,
			);
			runOnlyForDeploymentPostprocessing = 0;
		};
		A6B8004223F2E6D4006613A1 /* Sources */ = {
			isa = PBXSourcesBuildPhase;
			buildActionMask = 2147483647;
			files = (
				A6B8004B23F2E6D4006613A1 /* TP1UITests.swift in Sources */,
			);
			runOnlyForDeploymentPostprocessing = 0;
		};
/* End PBXSourcesBuildPhase section */

/* Begin PBXTargetDependency section */
		A6B8003D23F2E6D4006613A1 /* PBXTargetDependency */ = {
			isa = PBXTargetDependency;
			target = A6B8002123F2E6D1006613A1 /* TP1 */;
			targetProxy = A6B8003C23F2E6D4006613A1 /* PBXContainerItemProxy */;
		};
		A6B8004823F2E6D4006613A1 /* PBXTargetDependency */ = {
			isa = PBXTargetDependency;
			target = A6B8002123F2E6D1006613A1 /* TP1 */;
			targetProxy = A6B8004723F2E6D4006613A1 /* PBXContainerItemProxy */;
		};
/* End PBXTargetDependency section */

/* Begin PBXVariantGroup section */
		A6B8003323F2E6D4006613A1 /* LaunchScreen.storyboard */ = {
			isa = PBXVariantGroup;
			children = (
				A6B8003423F2E6D4006613A1 /* Base */,
			);
			name = LaunchScreen.storyboard;
			sourceTree = "<group>";
		};
/* End PBXVariantGroup section */

/* Begin XCBuildConfiguration section */
		A6B8004D23F2E6D4006613A1 /* Debug */ = {
			isa = XCBuildConfiguration;
			buildSettings = {
				ALWAYS_SEARCH_USER_PATHS = NO;
				CLANG_ANALYZER_NONNULL = YES;
				CLANG_ANALYZER_NUMBER_OBJECT_CONVERSION = YES_AGGRESSIVE;
				CLANG_CXX_LANGUAGE_STANDARD = "gnu++14";
				CLANG_CXX_LIBRARY = "libc++";
				CLANG_ENABLE_MODULES = YES;
				CLANG_ENABLE_OBJC_ARC = YES;
				CLANG_ENABLE_OBJC_WEAK = YES;
				CLANG_WARN_BLOCK_CAPTURE_AUTORELEASING = YES;
				CLANG_WARN_BOOL_CONVERSION = YES;
				CLANG_WARN_COMMA = YES;
				CLANG_WARN_CONSTANT_CONVERSION = YES;
				CLANG_WARN_DEPRECATED_OBJC_IMPLEMENTATIONS = YES;
				CLANG_WARN_DIRECT_OBJC_ISA_USAGE = YES_ERROR;
				CLANG_WARN_DOCUMENTATION_COMMENTS = YES;
				CLANG_WARN_EMPTY_BODY = YES;
				CLANG_WARN_ENUM_CONVERSION = YES;
				CLANG_WARN_INFINITE_RECURSION = YES;
				CLANG_WARN_INT_CONVERSION = YES;
				CLANG_WARN_NON_LITERAL_NULL_CONVERSION = YES;
				CLANG_WARN_OBJC_IMPLICIT_RETAIN_SELF = YES;
				CLANG_WARN_OBJC_LITERAL_CONVERSION = YES;
				CLANG_WARN_OBJC_ROOT_CLASS = YES_ERROR;
				CLANG_WARN_RANGE_LOOP_ANALYSIS = YES;
				CLANG_WARN_STRICT_PROTOTYPES = YES;
				CLANG_WARN_SUSPICIOUS_MOVE = YES;
				CLANG_WARN_UNGUARDED_AVAILABILITY = YES_AGGRESSIVE;
				CLANG_WARN_UNREACHABLE_CODE = YES;
				CLANG_WARN__DUPLICATE_METHOD_MATCH = YES;
				COPY_PHASE_STRIP = NO;
				DEBUG_INFORMATION_FORMAT = dwarf;
				ENABLE_STRICT_OBJC_MSGSEND = YES;
				ENABLE_TESTABILITY = YES;
				GCC_C_LANGUAGE_STANDARD = gnu11;
				GCC_DYNAMIC_NO_PIC = NO;
				GCC_NO_COMMON_BLOCKS = YES;
				GCC_OPTIMIZATION_LEVEL = 0;
				GCC_PREPROCESSOR_DEFINITIONS = (
					"DEBUG=1",
					"$(inherited)",
				);
				GCC_WARN_64_TO_32_BIT_CONVERSION = YES;
				GCC_WARN_ABOUT_RETURN_TYPE = YES_ERROR;
				GCC_WARN_UNDECLARED_SELECTOR = YES;
				GCC_WARN_UNINITIALIZED_AUTOS = YES_AGGRESSIVE;
				GCC_WARN_UNUSED_FUNCTION = YES;
				GCC_WARN_UNUSED_VARIABLE = YES;
				IPHONEOS_DEPLOYMENT_TARGET = 13.2;
				MTL_ENABLE_DEBUG_INFO = INCLUDE_SOURCE;
				MTL_FAST_MATH = YES;
				ONLY_ACTIVE_ARCH = YES;
				SDKROOT = iphoneos;
				SWIFT_ACTIVE_COMPILATION_CONDITIONS = DEBUG;
				SWIFT_OPTIMIZATION_LEVEL = "-Onone";
			};
			name = Debug;
		};
		A6B8004E23F2E6D4006613A1 /* Release */ = {
			isa = XCBuildConfiguration;
			buildSettings = {
				ALWAYS_SEARCH_USER_PATHS = NO;
				CLANG_ANALYZER_NONNULL = YES;
				CLANG_ANALYZER_NUMBER_OBJECT_CONVERSION = YES_AGGRESSIVE;
				CLANG_CXX_LANGUAGE_STANDARD = "gnu++14";
				CLANG_CXX_LIBRARY = "libc++";
				CLANG_ENABLE_MODULES = YES;
				CLANG_ENABLE_OBJC_ARC = YES;
				CLANG_ENABLE_OBJC_WEAK = YES;
				CLANG_WARN_BLOCK_CAPTURE_AUTORELEASING = YES;
				CLANG_WARN_BOOL_CONVERSION = YES;
				CLANG_WARN_COMMA = YES;
				CLANG_WARN_CONSTANT_CONVERSION = YES;
				CLANG_WARN_DEPRECATED_OBJC_IMPLEMENTATIONS = YES;
				CLANG_WARN_DIRECT_OBJC_ISA_USAGE = YES_ERROR;
				CLANG_WARN_DOCUMENTATION_COMMENTS = YES;
				CLANG_WARN_EMPTY_BODY = YES;
				CLANG_WARN_ENUM_CONVERSION = YES;
				CLANG_WARN_INFINITE_RECURSION = YES;
				CLANG_WARN_INT_CONVERSION = YES;
				CLANG_WARN_NON_LITERAL_NULL_CONVERSION = YES;
				CLANG_WARN_OBJC_IMPLICIT_RETAIN_SELF = YES;
				CLANG_WARN_OBJC_LITERAL_CONVERSION = YES;
				CLANG_WARN_OBJC_ROOT_CLASS = YES_ERROR;
				CLANG_WARN_RANGE_LOOP_ANALYSIS = YES;
				CLANG_WARN_STRICT_PROTOTYPES = YES;
				CLANG_WARN_SUSPICIOUS_MOVE = YES;
				CLANG_WARN_UNGUARDED_AVAILABILITY = YES_AGGRESSIVE;
				CLANG_WARN_UNREACHABLE_CODE = YES;
				CLANG_WARN__DUPLICATE_METHOD_MATCH = YES;
				COPY_PHASE_STRIP = NO;
				DEBUG_INFORMATION_FORMAT = "dwarf-with-dsym";
				ENABLE_NS_ASSERTIONS = NO;
				ENABLE_STRICT_OBJC_MSGSEND = YES;
				GCC_C_LANGUAGE_STANDARD = gnu11;
				GCC_NO_COMMON_BLOCKS = YES;
				GCC_WARN_64_TO_32_BIT_CONVERSION = YES;
				GCC_WARN_ABOUT_RETURN_TYPE = YES_ERROR;
				GCC_WARN_UNDECLARED_SELECTOR = YES;
				GCC_WARN_UNINITIALIZED_AUTOS = YES_AGGRESSIVE;
				GCC_WARN_UNUSED_FUNCTION = YES;
				GCC_WARN_UNUSED_VARIABLE = YES;
				IPHONEOS_DEPLOYMENT_TARGET = 13.2;
				MTL_ENABLE_DEBUG_INFO = NO;
				MTL_FAST_MATH = YES;
				SDKROOT = iphoneos;
				SWIFT_COMPILATION_MODE = wholemodule;
				SWIFT_OPTIMIZATION_LEVEL = "-O";
				VALIDATE_PRODUCT = YES;
			};
			name = Release;
		};
		A6B8005023F2E6D4006613A1 /* Debug */ = {
			isa = XCBuildConfiguration;
			buildSettings = {
				ASSETCATALOG_COMPILER_APPICON_NAME = AppIcon;
				CODE_SIGN_STYLE = Automatic;
				DEVELOPMENT_ASSET_PATHS = "\"TP1/Preview Content\"";
				ENABLE_PREVIEWS = YES;
				INFOPLIST_FILE = TP1/Info.plist;
				LD_RUNPATH_SEARCH_PATHS = (
					"$(inherited)",
					"@executable_path/Frameworks",
				);
				PRODUCT_BUNDLE_IDENTIFIER = g3.TP1;
				PRODUCT_NAME = "$(TARGET_NAME)";
				SWIFT_VERSION = 5.0;
				TARGETED_DEVICE_FAMILY = "1,2";
			};
			name = Debug;
		};
		A6B8005123F2E6D4006613A1 /* Release */ = {
			isa = XCBuildConfiguration;
			buildSettings = {
				ASSETCATALOG_COMPILER_APPICON_NAME = AppIcon;
				CODE_SIGN_STYLE = Automatic;
				DEVELOPMENT_ASSET_PATHS = "\"TP1/Preview Content\"";
				ENABLE_PREVIEWS = YES;
				INFOPLIST_FILE = TP1/Info.plist;
				LD_RUNPATH_SEARCH_PATHS = (
					"$(inherited)",
					"@executable_path/Frameworks",
				);
				PRODUCT_BUNDLE_IDENTIFIER = g3.TP1;
				PRODUCT_NAME = "$(TARGET_NAME)";
				SWIFT_VERSION = 5.0;
				TARGETED_DEVICE_FAMILY = "1,2";
			};
			name = Release;
		};
		A6B8005323F2E6D4006613A1 /* Debug */ = {
			isa = XCBuildConfiguration;
			buildSettings = {
				ALWAYS_EMBED_SWIFT_STANDARD_LIBRARIES = YES;
				BUNDLE_LOADER = "$(TEST_HOST)";
				CODE_SIGN_STYLE = Automatic;
				INFOPLIST_FILE = TP1Tests/Info.plist;
				IPHONEOS_DEPLOYMENT_TARGET = 13.2;
				LD_RUNPATH_SEARCH_PATHS = (
					"$(inherited)",
					"@executable_path/Frameworks",
					"@loader_path/Frameworks",
				);
				PRODUCT_BUNDLE_IDENTIFIER = g3.TP1Tests;
				PRODUCT_NAME = "$(TARGET_NAME)";
				SWIFT_VERSION = 5.0;
				TARGETED_DEVICE_FAMILY = "1,2";
				TEST_HOST = "$(BUILT_PRODUCTS_DIR)/TP1.app/TP1";
			};
			name = Debug;
		};
		A6B8005423F2E6D4006613A1 /* Release */ = {
			isa = XCBuildConfiguration;
			buildSettings = {
				ALWAYS_EMBED_SWIFT_STANDARD_LIBRARIES = YES;
				BUNDLE_LOADER = "$(TEST_HOST)";
				CODE_SIGN_STYLE = Automatic;
				INFOPLIST_FILE = TP1Tests/Info.plist;
				IPHONEOS_DEPLOYMENT_TARGET = 13.2;
				LD_RUNPATH_SEARCH_PATHS = (
					"$(inherited)",
					"@executable_path/Frameworks",
					"@loader_path/Frameworks",
				);
				PRODUCT_BUNDLE_IDENTIFIER = g3.TP1Tests;
				PRODUCT_NAME = "$(TARGET_NAME)";
				SWIFT_VERSION = 5.0;
				TARGETED_DEVICE_FAMILY = "1,2";
				TEST_HOST = "$(BUILT_PRODUCTS_DIR)/TP1.app/TP1";
			};
			name = Release;
		};
		A6B8005623F2E6D4006613A1 /* Debug */ = {
			isa = XCBuildConfiguration;
			buildSettings = {
				ALWAYS_EMBED_SWIFT_STANDARD_LIBRARIES = YES;
				CODE_SIGN_STYLE = Automatic;
				INFOPLIST_FILE = TP1UITests/Info.plist;
				LD_RUNPATH_SEARCH_PATHS = (
					"$(inherited)",
					"@executable_path/Frameworks",
					"@loader_path/Frameworks",
				);
				PRODUCT_BUNDLE_IDENTIFIER = g3.TP1UITests;
				PRODUCT_NAME = "$(TARGET_NAME)";
				SWIFT_VERSION = 5.0;
				TARGETED_DEVICE_FAMILY = "1,2";
				TEST_TARGET_NAME = TP1;
			};
			name = Debug;
		};
		A6B8005723F2E6D4006613A1 /* Release */ = {
			isa = XCBuildConfiguration;
			buildSettings = {
				ALWAYS_EMBED_SWIFT_STANDARD_LIBRARIES = YES;
				CODE_SIGN_STYLE = Automatic;
				INFOPLIST_FILE = TP1UITests/Info.plist;
				LD_RUNPATH_SEARCH_PATHS = (
					"$(inherited)",
					"@executable_path/Frameworks",
					"@loader_path/Frameworks",
				);
				PRODUCT_BUNDLE_IDENTIFIER = g3.TP1UITests;
				PRODUCT_NAME = "$(TARGET_NAME)";
				SWIFT_VERSION = 5.0;
				TARGETED_DEVICE_FAMILY = "1,2";
				TEST_TARGET_NAME = TP1;
			};
			name = Release;
		};
/* End XCBuildConfiguration section */

/* Begin XCConfigurationList section */
		A6B8001D23F2E6D1006613A1 /* Build configuration list for PBXProject "TP1" */ = {
			isa = XCConfigurationList;
			buildConfigurations = (
				A6B8004D23F2E6D4006613A1 /* Debug */,
				A6B8004E23F2E6D4006613A1 /* Release */,
			);
			defaultConfigurationIsVisible = 0;
			defaultConfigurationName = Release;
		};
		A6B8004F23F2E6D4006613A1 /* Build configuration list for PBXNativeTarget "TP1" */ = {
			isa = XCConfigurationList;
			buildConfigurations = (
				A6B8005023F2E6D4006613A1 /* Debug */,
				A6B8005123F2E6D4006613A1 /* Release */,
			);
			defaultConfigurationIsVisible = 0;
			defaultConfigurationName = Release;
		};
		A6B8005223F2E6D4006613A1 /* Build configuration list for PBXNativeTarget "TP1Tests" */ = {
			isa = XCConfigurationList;
			buildConfigurations = (
				A6B8005323F2E6D4006613A1 /* Debug */,
				A6B8005423F2E6D4006613A1 /* Release */,
			);
			defaultConfigurationIsVisible = 0;
			defaultConfigurationName = Release;
		};
		A6B8005523F2E6D4006613A1 /* Build configuration list for PBXNativeTarget "TP1UITests" */ = {
			isa = XCConfigurationList;
			buildConfigurations = (
				A6B8005623F2E6D4006613A1 /* Debug */,
				A6B8005723F2E6D4006613A1 /* Release */,
			);
			defaultConfigurationIsVisible = 0;
			defaultConfigurationName = Release;
		};
/* End XCConfigurationList section */

/* Begin XCVersionGroup section */
		A6B8002923F2E6D1006613A1 /* TP1.xcdatamodeld */ = {
			isa = XCVersionGroup;
			children = (
				A6B8002A23F2E6D1006613A1 /* TP1.xcdatamodel */,
			);
			currentVersion = A6B8002A23F2E6D1006613A1 /* TP1.xcdatamodel */;
			path = TP1.xcdatamodeld;
			sourceTree = "<group>";
			versionGroupType = wrapper.xcdatamodel;
		};
/* End XCVersionGroup section */
	};
	rootObject = A6B8001A23F2E6D1006613A1 /* Project object */;
}
