// !$*UTF8*$!
{
	archiveVersion = 1;
	classes = {
	};
	objectVersion = 50;
	objects = {

/* Begin PBXBuildFile section */
		F01E70FB23F1BF56008D883B /* AppDelegate.swift in Sources */ = {isa = PBXBuildFile; fileRef = F01E70FA23F1BF56008D883B /* AppDelegate.swift */; };
		F01E70FD23F1BF56008D883B /* SceneDelegate.swift in Sources */ = {isa = PBXBuildFile; fileRef = F01E70FC23F1BF56008D883B /* SceneDelegate.swift */; };
		F01E710023F1BF56008D883B /* Motee.xcdatamodeld in Sources */ = {isa = PBXBuildFile; fileRef = F01E70FE23F1BF56008D883B /* Motee.xcdatamodeld */; };
		F01E710223F1BF56008D883B /* ContentView.swift in Sources */ = {isa = PBXBuildFile; fileRef = F01E710123F1BF56008D883B /* ContentView.swift */; };
		F01E710423F1BF57008D883B /* Assets.xcassets in Resources */ = {isa = PBXBuildFile; fileRef = F01E710323F1BF57008D883B /* Assets.xcassets */; };
		F01E710723F1BF57008D883B /* Preview Assets.xcassets in Resources */ = {isa = PBXBuildFile; fileRef = F01E710623F1BF57008D883B /* Preview Assets.xcassets */; };
		F01E710A23F1BF57008D883B /* LaunchScreen.storyboard in Resources */ = {isa = PBXBuildFile; fileRef = F01E710823F1BF57008D883B /* LaunchScreen.storyboard */; };
		F01E711523F1BF57008D883B /* MoteeTests.swift in Sources */ = {isa = PBXBuildFile; fileRef = F01E711423F1BF57008D883B /* MoteeTests.swift */; };
		F01E712023F1BF57008D883B /* MoteeUITests.swift in Sources */ = {isa = PBXBuildFile; fileRef = F01E711F23F1BF57008D883B /* MoteeUITests.swift */; };
/* End PBXBuildFile section */

/* Begin PBXContainerItemProxy section */
		F01E711123F1BF57008D883B /* PBXContainerItemProxy */ = {
			isa = PBXContainerItemProxy;
			containerPortal = F01E70EF23F1BF56008D883B /* Project object */;
			proxyType = 1;
			remoteGlobalIDString = F01E70F623F1BF56008D883B;
			remoteInfo = Motee;
		};
		F01E711C23F1BF57008D883B /* PBXContainerItemProxy */ = {
			isa = PBXContainerItemProxy;
			containerPortal = F01E70EF23F1BF56008D883B /* Project object */;
			proxyType = 1;
			remoteGlobalIDString = F01E70F623F1BF56008D883B;
			remoteInfo = Motee;
		};
/* End PBXContainerItemProxy section */

/* Begin PBXFileReference section */
		F01E70F723F1BF56008D883B /* Motee.app */ = {isa = PBXFileReference; explicitFileType = wrapper.application; includeInIndex = 0; path = Motee.app; sourceTree = BUILT_PRODUCTS_DIR; };
		F01E70FA23F1BF56008D883B /* AppDelegate.swift */ = {isa = PBXFileReference; lastKnownFileType = sourcecode.swift; path = AppDelegate.swift; sourceTree = "<group>"; };
		F01E70FC23F1BF56008D883B /* SceneDelegate.swift */ = {isa = PBXFileReference; lastKnownFileType = sourcecode.swift; path = SceneDelegate.swift; sourceTree = "<group>"; };
		F01E70FF23F1BF56008D883B /* Motee.xcdatamodel */ = {isa = PBXFileReference; lastKnownFileType = wrapper.xcdatamodel; path = Motee.xcdatamodel; sourceTree = "<group>"; };
		F01E710123F1BF56008D883B /* ContentView.swift */ = {isa = PBXFileReference; lastKnownFileType = sourcecode.swift; path = ContentView.swift; sourceTree = "<group>"; };
		F01E710323F1BF57008D883B /* Assets.xcassets */ = {isa = PBXFileReference; lastKnownFileType = folder.assetcatalog; path = Assets.xcassets; sourceTree = "<group>"; };
		F01E710623F1BF57008D883B /* Preview Assets.xcassets */ = {isa = PBXFileReference; lastKnownFileType = folder.assetcatalog; path = "Preview Assets.xcassets"; sourceTree = "<group>"; };
		F01E710923F1BF57008D883B /* Base */ = {isa = PBXFileReference; lastKnownFileType = file.storyboard; name = Base; path = Base.lproj/LaunchScreen.storyboard; sourceTree = "<group>"; };
		F01E710B23F1BF57008D883B /* Info.plist */ = {isa = PBXFileReference; lastKnownFileType = text.plist.xml; path = Info.plist; sourceTree = "<group>"; };
		F01E711023F1BF57008D883B /* MoteeTests.xctest */ = {isa = PBXFileReference; explicitFileType = wrapper.cfbundle; includeInIndex = 0; path = MoteeTests.xctest; sourceTree = BUILT_PRODUCTS_DIR; };
		F01E711423F1BF57008D883B /* MoteeTests.swift */ = {isa = PBXFileReference; lastKnownFileType = sourcecode.swift; path = MoteeTests.swift; sourceTree = "<group>"; };
		F01E711623F1BF57008D883B /* Info.plist */ = {isa = PBXFileReference; lastKnownFileType = text.plist.xml; path = Info.plist; sourceTree = "<group>"; };
		F01E711B23F1BF57008D883B /* MoteeUITests.xctest */ = {isa = PBXFileReference; explicitFileType = wrapper.cfbundle; includeInIndex = 0; path = MoteeUITests.xctest; sourceTree = BUILT_PRODUCTS_DIR; };
		F01E711F23F1BF57008D883B /* MoteeUITests.swift */ = {isa = PBXFileReference; lastKnownFileType = sourcecode.swift; path = MoteeUITests.swift; sourceTree = "<group>"; };
		F01E712123F1BF57008D883B /* Info.plist */ = {isa = PBXFileReference; lastKnownFileType = text.plist.xml; path = Info.plist; sourceTree = "<group>"; };
/* End PBXFileReference section */

/* Begin PBXFrameworksBuildPhase section */
		F01E70F423F1BF56008D883B /* Frameworks */ = {
			isa = PBXFrameworksBuildPhase;
			buildActionMask = 2147483647;
			files = (
			);
			runOnlyForDeploymentPostprocessing = 0;
		};
		F01E710D23F1BF57008D883B /* Frameworks */ = {
			isa = PBXFrameworksBuildPhase;
			buildActionMask = 2147483647;
			files = (
			);
			runOnlyForDeploymentPostprocessing = 0;
		};
		F01E711823F1BF57008D883B /* Frameworks */ = {
			isa = PBXFrameworksBuildPhase;
			buildActionMask = 2147483647;
			files = (
			);
			runOnlyForDeploymentPostprocessing = 0;
		};
/* End PBXFrameworksBuildPhase section */

/* Begin PBXGroup section */
		F01E70EE23F1BF56008D883B = {
			isa = PBXGroup;
			children = (
				F01E70F923F1BF56008D883B /* Motee */,
				F01E711323F1BF57008D883B /* MoteeTests */,
				F01E711E23F1BF57008D883B /* MoteeUITests */,
				F01E70F823F1BF56008D883B /* Products */,
			);
			sourceTree = "<group>";
		};
		F01E70F823F1BF56008D883B /* Products */ = {
			isa = PBXGroup;
			children = (
				F01E70F723F1BF56008D883B /* Motee.app */,
				F01E711023F1BF57008D883B /* MoteeTests.xctest */,
				F01E711B23F1BF57008D883B /* MoteeUITests.xctest */,
			);
			name = Products;
			sourceTree = "<group>";
		};
		F01E70F923F1BF56008D883B /* Motee */ = {
			isa = PBXGroup;
			children = (
				F01E70FA23F1BF56008D883B /* AppDelegate.swift */,
				F01E70FC23F1BF56008D883B /* SceneDelegate.swift */,
				F01E710123F1BF56008D883B /* ContentView.swift */,
				F01E710323F1BF57008D883B /* Assets.xcassets */,
				F01E710823F1BF57008D883B /* LaunchScreen.storyboard */,
				F01E710B23F1BF57008D883B /* Info.plist */,
				F01E70FE23F1BF56008D883B /* Motee.xcdatamodeld */,
				F01E710523F1BF57008D883B /* Preview Content */,
			);
			path = Motee;
			sourceTree = "<group>";
		};
		F01E710523F1BF57008D883B /* Preview Content */ = {
			isa = PBXGroup;
			children = (
				F01E710623F1BF57008D883B /* Preview Assets.xcassets */,
			);
			path = "Preview Content";
			sourceTree = "<group>";
		};
		F01E711323F1BF57008D883B /* MoteeTests */ = {
			isa = PBXGroup;
			children = (
				F01E711423F1BF57008D883B /* MoteeTests.swift */,
				F01E711623F1BF57008D883B /* Info.plist */,
			);
			path = MoteeTests;
			sourceTree = "<group>";
		};
		F01E711E23F1BF57008D883B /* MoteeUITests */ = {
			isa = PBXGroup;
			children = (
				F01E711F23F1BF57008D883B /* MoteeUITests.swift */,
				F01E712123F1BF57008D883B /* Info.plist */,
			);
			path = MoteeUITests;
			sourceTree = "<group>";
		};
/* End PBXGroup section */

/* Begin PBXNativeTarget section */
		F01E70F623F1BF56008D883B /* Motee */ = {
			isa = PBXNativeTarget;
			buildConfigurationList = F01E712423F1BF57008D883B /* Build configuration list for PBXNativeTarget "Motee" */;
			buildPhases = (
				F01E70F323F1BF56008D883B /* Sources */,
				F01E70F423F1BF56008D883B /* Frameworks */,
				F01E70F523F1BF56008D883B /* Resources */,
			);
			buildRules = (
			);
			dependencies = (
			);
			name = Motee;
			productName = Motee;
			productReference = F01E70F723F1BF56008D883B /* Motee.app */;
			productType = "com.apple.product-type.application";
		};
		F01E710F23F1BF57008D883B /* MoteeTests */ = {
			isa = PBXNativeTarget;
			buildConfigurationList = F01E712723F1BF57008D883B /* Build configuration list for PBXNativeTarget "MoteeTests" */;
			buildPhases = (
				F01E710C23F1BF57008D883B /* Sources */,
				F01E710D23F1BF57008D883B /* Frameworks */,
				F01E710E23F1BF57008D883B /* Resources */,
			);
			buildRules = (
			);
			dependencies = (
				F01E711223F1BF57008D883B /* PBXTargetDependency */,
			);
			name = MoteeTests;
			productName = MoteeTests;
			productReference = F01E711023F1BF57008D883B /* MoteeTests.xctest */;
			productType = "com.apple.product-type.bundle.unit-test";
		};
		F01E711A23F1BF57008D883B /* MoteeUITests */ = {
			isa = PBXNativeTarget;
			buildConfigurationList = F01E712A23F1BF57008D883B /* Build configuration list for PBXNativeTarget "MoteeUITests" */;
			buildPhases = (
				F01E711723F1BF57008D883B /* Sources */,
				F01E711823F1BF57008D883B /* Frameworks */,
				F01E711923F1BF57008D883B /* Resources */,
			);
			buildRules = (
			);
			dependencies = (
				F01E711D23F1BF57008D883B /* PBXTargetDependency */,
			);
			name = MoteeUITests;
			productName = MoteeUITests;
			productReference = F01E711B23F1BF57008D883B /* MoteeUITests.xctest */;
			productType = "com.apple.product-type.bundle.ui-testing";
		};
/* End PBXNativeTarget section */

/* Begin PBXProject section */
		F01E70EF23F1BF56008D883B /* Project object */ = {
			isa = PBXProject;
			attributes = {
				LastSwiftUpdateCheck = 1130;
				LastUpgradeCheck = 1130;
				ORGANIZATIONNAME = "Amjad Menouer";
				TargetAttributes = {
					F01E70F623F1BF56008D883B = {
						CreatedOnToolsVersion = 11.3.1;
					};
					F01E710F23F1BF57008D883B = {
						CreatedOnToolsVersion = 11.3.1;
						TestTargetID = F01E70F623F1BF56008D883B;
					};
					F01E711A23F1BF57008D883B = {
						CreatedOnToolsVersion = 11.3.1;
						TestTargetID = F01E70F623F1BF56008D883B;
					};
				};
			};
			buildConfigurationList = F01E70F223F1BF56008D883B /* Build configuration list for PBXProject "Motee" */;
			compatibilityVersion = "Xcode 9.3";
			developmentRegion = en;
			hasScannedForEncodings = 0;
			knownRegions = (
				en,
				Base,
			);
			mainGroup = F01E70EE23F1BF56008D883B;
			productRefGroup = F01E70F823F1BF56008D883B /* Products */;
			projectDirPath = "";
			projectRoot = "";
			targets = (
				F01E70F623F1BF56008D883B /* Motee */,
				F01E710F23F1BF57008D883B /* MoteeTests */,
				F01E711A23F1BF57008D883B /* MoteeUITests */,
			);
		};
/* End PBXProject section */

/* Begin PBXResourcesBuildPhase section */
		F01E70F523F1BF56008D883B /* Resources */ = {
			isa = PBXResourcesBuildPhase;
			buildActionMask = 2147483647;
			files = (
				F01E710A23F1BF57008D883B /* LaunchScreen.storyboard in Resources */,
				F01E710723F1BF57008D883B /* Preview Assets.xcassets in Resources */,
				F01E710423F1BF57008D883B /* Assets.xcassets in Resources */,
			);
			runOnlyForDeploymentPostprocessing = 0;
		};
		F01E710E23F1BF57008D883B /* Resources */ = {
			isa = PBXResourcesBuildPhase;
			buildActionMask = 2147483647;
			files = (
			);
			runOnlyForDeploymentPostprocessing = 0;
		};
		F01E711923F1BF57008D883B /* Resources */ = {
			isa = PBXResourcesBuildPhase;
			buildActionMask = 2147483647;
			files = (
			);
			runOnlyForDeploymentPostprocessing = 0;
		};
/* End PBXResourcesBuildPhase section */

/* Begin PBXSourcesBuildPhase section */
		F01E70F323F1BF56008D883B /* Sources */ = {
			isa = PBXSourcesBuildPhase;
			buildActionMask = 2147483647;
			files = (
				F01E70FB23F1BF56008D883B /* AppDelegate.swift in Sources */,
				F01E710023F1BF56008D883B /* Motee.xcdatamodeld in Sources */,
				F01E710223F1BF56008D883B /* ContentView.swift in Sources */,
				F01E70FD23F1BF56008D883B /* SceneDelegate.swift in Sources */,
			);
			runOnlyForDeploymentPostprocessing = 0;
		};
		F01E710C23F1BF57008D883B /* Sources */ = {
			isa = PBXSourcesBuildPhase;
			buildActionMask = 2147483647;
			files = (
				F01E711523F1BF57008D883B /* MoteeTests.swift in Sources */,
			);
			runOnlyForDeploymentPostprocessing = 0;
		};
		F01E711723F1BF57008D883B /* Sources */ = {
			isa = PBXSourcesBuildPhase;
			buildActionMask = 2147483647;
			files = (
				F01E712023F1BF57008D883B /* MoteeUITests.swift in Sources */,
			);
			runOnlyForDeploymentPostprocessing = 0;
		};
/* End PBXSourcesBuildPhase section */

/* Begin PBXTargetDependency section */
		F01E711223F1BF57008D883B /* PBXTargetDependency */ = {
			isa = PBXTargetDependency;
			target = F01E70F623F1BF56008D883B /* Motee */;
			targetProxy = F01E711123F1BF57008D883B /* PBXContainerItemProxy */;
		};
		F01E711D23F1BF57008D883B /* PBXTargetDependency */ = {
			isa = PBXTargetDependency;
			target = F01E70F623F1BF56008D883B /* Motee */;
			targetProxy = F01E711C23F1BF57008D883B /* PBXContainerItemProxy */;
		};
/* End PBXTargetDependency section */

/* Begin PBXVariantGroup section */
		F01E710823F1BF57008D883B /* LaunchScreen.storyboard */ = {
			isa = PBXVariantGroup;
			children = (
				F01E710923F1BF57008D883B /* Base */,
			);
			name = LaunchScreen.storyboard;
			sourceTree = "<group>";
		};
/* End PBXVariantGroup section */

/* Begin XCBuildConfiguration section */
		F01E712223F1BF57008D883B /* Debug */ = {
			isa = XCBuildConfiguration;
			buildSettings = {
				ALWAYS_SEARCH_USER_PATHS = NO;
				CLANG_ANALYZER_NONNULL = YES;
				CLANG_ANALYZER_NUMBER_OBJECT_CONVERSION = YES_AGGRESSIVE;
				CLANG_CXX_LANGUAGE_STANDARD = "gnu++14";
				CLANG_CXX_LIBRARY = "libc++";
				CLANG_ENABLE_MODULES = YES;
				CLANG_ENABLE_OBJC_ARC = YES;
				CLANG_ENABLE_OBJC_WEAK = YES;
				CLANG_WARN_BLOCK_CAPTURE_AUTORELEASING = YES;
				CLANG_WARN_BOOL_CONVERSION = YES;
				CLANG_WARN_COMMA = YES;
				CLANG_WARN_CONSTANT_CONVERSION = YES;
				CLANG_WARN_DEPRECATED_OBJC_IMPLEMENTATIONS = YES;
				CLANG_WARN_DIRECT_OBJC_ISA_USAGE = YES_ERROR;
				CLANG_WARN_DOCUMENTATION_COMMENTS = YES;
				CLANG_WARN_EMPTY_BODY = YES;
				CLANG_WARN_ENUM_CONVERSION = YES;
				CLANG_WARN_INFINITE_RECURSION = YES;
				CLANG_WARN_INT_CONVERSION = YES;
				CLANG_WARN_NON_LITERAL_NULL_CONVERSION = YES;
				CLANG_WARN_OBJC_IMPLICIT_RETAIN_SELF = YES;
				CLANG_WARN_OBJC_LITERAL_CONVERSION = YES;
				CLANG_WARN_OBJC_ROOT_CLASS = YES_ERROR;
				CLANG_WARN_RANGE_LOOP_ANALYSIS = YES;
				CLANG_WARN_STRICT_PROTOTYPES = YES;
				CLANG_WARN_SUSPICIOUS_MOVE = YES;
				CLANG_WARN_UNGUARDED_AVAILABILITY = YES_AGGRESSIVE;
				CLANG_WARN_UNREACHABLE_CODE = YES;
				CLANG_WARN__DUPLICATE_METHOD_MATCH = YES;
				COPY_PHASE_STRIP = NO;
				DEBUG_INFORMATION_FORMAT = dwarf;
				ENABLE_STRICT_OBJC_MSGSEND = YES;
				ENABLE_TESTABILITY = YES;
				GCC_C_LANGUAGE_STANDARD = gnu11;
				GCC_DYNAMIC_NO_PIC = NO;
				GCC_NO_COMMON_BLOCKS = YES;
				GCC_OPTIMIZATION_LEVEL = 0;
				GCC_PREPROCESSOR_DEFINITIONS = (
					"DEBUG=1",
					"$(inherited)",
				);
				GCC_WARN_64_TO_32_BIT_CONVERSION = YES;
				GCC_WARN_ABOUT_RETURN_TYPE = YES_ERROR;
				GCC_WARN_UNDECLARED_SELECTOR = YES;
				GCC_WARN_UNINITIALIZED_AUTOS = YES_AGGRESSIVE;
				GCC_WARN_UNUSED_FUNCTION = YES;
				GCC_WARN_UNUSED_VARIABLE = YES;
				IPHONEOS_DEPLOYMENT_TARGET = 13.2;
				MTL_ENABLE_DEBUG_INFO = INCLUDE_SOURCE;
				MTL_FAST_MATH = YES;
				ONLY_ACTIVE_ARCH = YES;
				SDKROOT = iphoneos;
				SWIFT_ACTIVE_COMPILATION_CONDITIONS = DEBUG;
				SWIFT_OPTIMIZATION_LEVEL = "-Onone";
			};
			name = Debug;
		};
		F01E712323F1BF57008D883B /* Release */ = {
			isa = XCBuildConfiguration;
			buildSettings = {
				ALWAYS_SEARCH_USER_PATHS = NO;
				CLANG_ANALYZER_NONNULL = YES;
				CLANG_ANALYZER_NUMBER_OBJECT_CONVERSION = YES_AGGRESSIVE;
				CLANG_CXX_LANGUAGE_STANDARD = "gnu++14";
				CLANG_CXX_LIBRARY = "libc++";
				CLANG_ENABLE_MODULES = YES;
				CLANG_ENABLE_OBJC_ARC = YES;
				CLANG_ENABLE_OBJC_WEAK = YES;
				CLANG_WARN_BLOCK_CAPTURE_AUTORELEASING = YES;
				CLANG_WARN_BOOL_CONVERSION = YES;
				CLANG_WARN_COMMA = YES;
				CLANG_WARN_CONSTANT_CONVERSION = YES;
				CLANG_WARN_DEPRECATED_OBJC_IMPLEMENTATIONS = YES;
				CLANG_WARN_DIRECT_OBJC_ISA_USAGE = YES_ERROR;
				CLANG_WARN_DOCUMENTATION_COMMENTS = YES;
				CLANG_WARN_EMPTY_BODY = YES;
				CLANG_WARN_ENUM_CONVERSION = YES;
				CLANG_WARN_INFINITE_RECURSION = YES;
				CLANG_WARN_INT_CONVERSION = YES;
				CLANG_WARN_NON_LITERAL_NULL_CONVERSION = YES;
				CLANG_WARN_OBJC_IMPLICIT_RETAIN_SELF = YES;
				CLANG_WARN_OBJC_LITERAL_CONVERSION = YES;
				CLANG_WARN_OBJC_ROOT_CLASS = YES_ERROR;
				CLANG_WARN_RANGE_LOOP_ANALYSIS = YES;
				CLANG_WARN_STRICT_PROTOTYPES = YES;
				CLANG_WARN_SUSPICIOUS_MOVE = YES;
				CLANG_WARN_UNGUARDED_AVAILABILITY = YES_AGGRESSIVE;
				CLANG_WARN_UNREACHABLE_CODE = YES;
				CLANG_WARN__DUPLICATE_METHOD_MATCH = YES;
				COPY_PHASE_STRIP = NO;
				DEBUG_INFORMATION_FORMAT = "dwarf-with-dsym";
				ENABLE_NS_ASSERTIONS = NO;
				ENABLE_STRICT_OBJC_MSGSEND = YES;
				GCC_C_LANGUAGE_STANDARD = gnu11;
				GCC_NO_COMMON_BLOCKS = YES;
				GCC_WARN_64_TO_32_BIT_CONVERSION = YES;
				GCC_WARN_ABOUT_RETURN_TYPE = YES_ERROR;
				GCC_WARN_UNDECLARED_SELECTOR = YES;
				GCC_WARN_UNINITIALIZED_AUTOS = YES_AGGRESSIVE;
				GCC_WARN_UNUSED_FUNCTION = YES;
				GCC_WARN_UNUSED_VARIABLE = YES;
				IPHONEOS_DEPLOYMENT_TARGET = 13.2;
				MTL_ENABLE_DEBUG_INFO = NO;
				MTL_FAST_MATH = YES;
				SDKROOT = iphoneos;
				SWIFT_COMPILATION_MODE = wholemodule;
				SWIFT_OPTIMIZATION_LEVEL = "-O";
				VALIDATE_PRODUCT = YES;
			};
			name = Release;
		};
		F01E712523F1BF57008D883B /* Debug */ = {
			isa = XCBuildConfiguration;
			buildSettings = {
				ASSETCATALOG_COMPILER_APPICON_NAME = AppIcon;
				CODE_SIGN_STYLE = Automatic;
				DEVELOPMENT_ASSET_PATHS = "\"Motee/Preview Content\"";
				DEVELOPMENT_TEAM = Z6KVA29VCT;
				ENABLE_PREVIEWS = YES;
				INFOPLIST_FILE = Motee/Info.plist;
				LD_RUNPATH_SEARCH_PATHS = (
					"$(inherited)",
					"@executable_path/Frameworks",
				);
				PRODUCT_BUNDLE_IDENTIFIER = g3.Motee;
				PRODUCT_NAME = "$(TARGET_NAME)";
				SWIFT_VERSION = 5.0;
				TARGETED_DEVICE_FAMILY = "1,2";
			};
			name = Debug;
		};
		F01E712623F1BF57008D883B /* Release */ = {
			isa = XCBuildConfiguration;
			buildSettings = {
				ASSETCATALOG_COMPILER_APPICON_NAME = AppIcon;
				CODE_SIGN_STYLE = Automatic;
				DEVELOPMENT_ASSET_PATHS = "\"Motee/Preview Content\"";
				DEVELOPMENT_TEAM = Z6KVA29VCT;
				ENABLE_PREVIEWS = YES;
				INFOPLIST_FILE = Motee/Info.plist;
				LD_RUNPATH_SEARCH_PATHS = (
					"$(inherited)",
					"@executable_path/Frameworks",
				);
				PRODUCT_BUNDLE_IDENTIFIER = g3.Motee;
				PRODUCT_NAME = "$(TARGET_NAME)";
				SWIFT_VERSION = 5.0;
				TARGETED_DEVICE_FAMILY = "1,2";
			};
			name = Release;
		};
		F01E712823F1BF57008D883B /* Debug */ = {
			isa = XCBuildConfiguration;
			buildSettings = {
				ALWAYS_EMBED_SWIFT_STANDARD_LIBRARIES = YES;
				BUNDLE_LOADER = "$(TEST_HOST)";
				CODE_SIGN_STYLE = Automatic;
				DEVELOPMENT_TEAM = Z6KVA29VCT;
				INFOPLIST_FILE = MoteeTests/Info.plist;
				IPHONEOS_DEPLOYMENT_TARGET = 13.2;
				LD_RUNPATH_SEARCH_PATHS = (
					"$(inherited)",
					"@executable_path/Frameworks",
					"@loader_path/Frameworks",
				);
				PRODUCT_BUNDLE_IDENTIFIER = g3.MoteeTests;
				PRODUCT_NAME = "$(TARGET_NAME)";
				SWIFT_VERSION = 5.0;
				TARGETED_DEVICE_FAMILY = "1,2";
				TEST_HOST = "$(BUILT_PRODUCTS_DIR)/Motee.app/Motee";
			};
			name = Debug;
		};
		F01E712923F1BF57008D883B /* Release */ = {
			isa = XCBuildConfiguration;
			buildSettings = {
				ALWAYS_EMBED_SWIFT_STANDARD_LIBRARIES = YES;
				BUNDLE_LOADER = "$(TEST_HOST)";
				CODE_SIGN_STYLE = Automatic;
				DEVELOPMENT_TEAM = Z6KVA29VCT;
				INFOPLIST_FILE = MoteeTests/Info.plist;
				IPHONEOS_DEPLOYMENT_TARGET = 13.2;
				LD_RUNPATH_SEARCH_PATHS = (
					"$(inherited)",
					"@executable_path/Frameworks",
					"@loader_path/Frameworks",
				);
				PRODUCT_BUNDLE_IDENTIFIER = g3.MoteeTests;
				PRODUCT_NAME = "$(TARGET_NAME)";
				SWIFT_VERSION = 5.0;
				TARGETED_DEVICE_FAMILY = "1,2";
				TEST_HOST = "$(BUILT_PRODUCTS_DIR)/Motee.app/Motee";
			};
			name = Release;
		};
		F01E712B23F1BF57008D883B /* Debug */ = {
			isa = XCBuildConfiguration;
			buildSettings = {
				ALWAYS_EMBED_SWIFT_STANDARD_LIBRARIES = YES;
				CODE_SIGN_STYLE = Automatic;
				DEVELOPMENT_TEAM = Z6KVA29VCT;
				INFOPLIST_FILE = MoteeUITests/Info.plist;
				LD_RUNPATH_SEARCH_PATHS = (
					"$(inherited)",
					"@executable_path/Frameworks",
					"@loader_path/Frameworks",
				);
				PRODUCT_BUNDLE_IDENTIFIER = g3.MoteeUITests;
				PRODUCT_NAME = "$(TARGET_NAME)";
				SWIFT_VERSION = 5.0;
				TARGETED_DEVICE_FAMILY = "1,2";
				TEST_TARGET_NAME = Motee;
			};
			name = Debug;
		};
		F01E712C23F1BF57008D883B /* Release */ = {
			isa = XCBuildConfiguration;
			buildSettings = {
				ALWAYS_EMBED_SWIFT_STANDARD_LIBRARIES = YES;
				CODE_SIGN_STYLE = Automatic;
				DEVELOPMENT_TEAM = Z6KVA29VCT;
				INFOPLIST_FILE = MoteeUITests/Info.plist;
				LD_RUNPATH_SEARCH_PATHS = (
					"$(inherited)",
					"@executable_path/Frameworks",
					"@loader_path/Frameworks",
				);
				PRODUCT_BUNDLE_IDENTIFIER = g3.MoteeUITests;
				PRODUCT_NAME = "$(TARGET_NAME)";
				SWIFT_VERSION = 5.0;
				TARGETED_DEVICE_FAMILY = "1,2";
				TEST_TARGET_NAME = Motee;
			};
			name = Release;
		};
/* End XCBuildConfiguration section */

/* Begin XCConfigurationList section */
		F01E70F223F1BF56008D883B /* Build configuration list for PBXProject "Motee" */ = {
			isa = XCConfigurationList;
			buildConfigurations = (
				F01E712223F1BF57008D883B /* Debug */,
				F01E712323F1BF57008D883B /* Release */,
			);
			defaultConfigurationIsVisible = 0;
			defaultConfigurationName = Release;
		};
		F01E712423F1BF57008D883B /* Build configuration list for PBXNativeTarget "Motee" */ = {
			isa = XCConfigurationList;
			buildConfigurations = (
				F01E712523F1BF57008D883B /* Debug */,
				F01E712623F1BF57008D883B /* Release */,
			);
			defaultConfigurationIsVisible = 0;
			defaultConfigurationName = Release;
		};
		F01E712723F1BF57008D883B /* Build configuration list for PBXNativeTarget "MoteeTests" */ = {
			isa = XCConfigurationList;
			buildConfigurations = (
				F01E712823F1BF57008D883B /* Debug */,
				F01E712923F1BF57008D883B /* Release */,
			);
			defaultConfigurationIsVisible = 0;
			defaultConfigurationName = Release;
		};
		F01E712A23F1BF57008D883B /* Build configuration list for PBXNativeTarget "MoteeUITests" */ = {
			isa = XCConfigurationList;
			buildConfigurations = (
				F01E712B23F1BF57008D883B /* Debug */,
				F01E712C23F1BF57008D883B /* Release */,
			);
			defaultConfigurationIsVisible = 0;
			defaultConfigurationName = Release;
		};
/* End XCConfigurationList section */

/* Begin XCVersionGroup section */
		F01E70FE23F1BF56008D883B /* Motee.xcdatamodeld */ = {
			isa = XCVersionGroup;
			children = (
				F01E70FF23F1BF56008D883B /* Motee.xcdatamodel */,
			);
			currentVersion = F01E70FF23F1BF56008D883B /* Motee.xcdatamodel */;
			path = Motee.xcdatamodeld;
			sourceTree = "<group>";
			versionGroupType = wrapper.xcdatamodel;
		};
/* End XCVersionGroup section */
	};
	rootObject = F01E70EF23F1BF56008D883B /* Project object */;
}
